
Microsoft Visual Studio Solution File, Format Version 12.00
# Visual Studio 2015
Project("{FAE04EC0-301F-11D3-BF4B-00C04F79EFBC}") = "IsoPlat", "IsoPlat.csproj", "{7B28991F-FB42-1B2D-6FD0-E0A172F09666}"
EndProject
Project("{FAE04EC0-301F-11D3-BF4B-00C04F79EFBC}") = "IsoPlat.Editor", "IsoPlat.Editor.csproj", "{C0CB092B-796D-18EA-F106-44D47C07D6DD}"
EndProject
Global
	GlobalSection(SolutionConfigurationPlatforms) = preSolution
		Debug|Any CPU = Debug|Any CPU
		Release|Any CPU = Release|Any CPU
	EndGlobalSection
	GlobalSection(ProjectConfigurationPlatforms) = postSolution
		{7B28991F-FB42-1B2D-6FD0-E0A172F09666}.Debug|Any CPU.ActiveCfg = Debug|Any CPU
		{7B28991F-FB42-1B2D-6FD0-E0A172F09666}.Debug|Any CPU.Build.0 = Debug|Any CPU
		{7B28991F-FB42-1B2D-6FD0-E0A172F09666}.Release|Any CPU.ActiveCfg = Release|Any CPU
		{7B28991F-FB42-1B2D-6FD0-E0A172F09666}.Release|Any CPU.Build.0 = Release|Any CPU
		{C0CB092B-796D-18EA-F106-44D47C07D6DD}.Debug|Any CPU.ActiveCfg = Debug|Any CPU
		{C0CB092B-796D-18EA-F106-44D47C07D6DD}.Debug|Any CPU.Build.0 = Debug|Any CPU
		{C0CB092B-796D-18EA-F106-44D47C07D6DD}.Release|Any CPU.ActiveCfg = Release|Any CPU
		{C0CB092B-796D-18EA-F106-44D47C07D6DD}.Release|Any CPU.Build.0 = Release|Any CPU
	EndGlobalSection
	GlobalSection(SolutionProperties) = preSolution
		HideSolutionNode = FALSE
	EndGlobalSection
EndGlobal
